
Microsoft Visual Studio Solution File, Format Version 12.00
# Visual Studio Version 17
VisualStudioVersion = 17.3.32819.101
MinimumVisualStudioVersion = 10.0.40219.1
Project("{FAE04EC0-301F-11D3-BF4B-00C04F79EFBC}") = "Consultorio", "Consultorio\Consultorio.csproj", "{2929F8EA-BFDF-477B-82CD-347D83610A79}"
EndProject
Global
	GlobalSection(SolutionConfigurationPlatforms) = preSolution
		Debug|Any CPU = Debug|Any CPU
		Release|Any CPU = Release|Any CPU
	EndGlobalSection
	GlobalSection(ProjectConfigurationPlatforms) = postSolution
		{2929F8EA-BFDF-477B-82CD-347D83610A79}.Debug|Any CPU.ActiveCfg = Debug|Any CPU
		{2929F8EA-BFDF-477B-82CD-347D83610A79}.Debug|Any CPU.Build.0 = Debug|Any CPU
		{2929F8EA-BFDF-477B-82CD-347D83610A79}.Release|Any CPU.ActiveCfg = Release|Any CPU
		{2929F8EA-BFDF-477B-82CD-347D83610A79}.Release|Any CPU.Build.0 = Release|Any CPU
	EndGlobalSection
	GlobalSection(SolutionProperties) = preSolution
		HideSolutionNode = FALSE
	EndGlobalSection
	GlobalSection(ExtensibilityGlobals) = postSolution
		SolutionGuid = {75356D0E-BA52-4990-9B79-FE86964FBDDA}
	EndGlobalSection
EndGlobal
